
Microsoft Visual Studio Solution File, Format Version 10.00
# Visual Studio 2008
Project("{8BC9CEB8-8B4A-11D0-8D11-00A0C91BC942}") = "atom_comm_info", "atom_comm_lbminfo\atom_comm_lbminfo.vcproj", "{92FE54BE-EEB1-42A5-9F48-4B7186E64E41}"
EndProject
Project("{FAE04EC0-301F-11D3-BF4B-00C04F79EFBC}") = "me", "..\..\JSTB\trunk\src\sengine\lbm\me\me.csproj", "{041A8543-93F1-42AB-8236-86E1EB1CC69E}"
EndProject
Project("{8BC9CEB8-8B4A-11D0-8D11-00A0C91BC942}") = "atom_comm_vectdeal", "..\..\JSTB\trunk\src\sengine\lbm\atom_comm_vectdeal\atom_comm_vectdeal.vcproj", "{A2D3680A-F7F0-4CC2-8615-7233468D71D3}"
EndProject
Global
	GlobalSection(SolutionConfigurationPlatforms) = preSolution
		Debug|Any CPU = Debug|Any CPU
		Debug|Mixed Platforms = Debug|Mixed Platforms
		Debug|Win32 = Debug|Win32
		Debug|x64 = Debug|x64
		JSTP_Debug|Any CPU = JSTP_Debug|Any CPU
		JSTP_Debug|Mixed Platforms = JSTP_Debug|Mixed Platforms
		JSTP_Debug|Win32 = JSTP_Debug|Win32
		JSTP_Debug|x64 = JSTP_Debug|x64
		JSTP_Release|Any CPU = JSTP_Release|Any CPU
		JSTP_Release|Mixed Platforms = JSTP_Release|Mixed Platforms
		JSTP_Release|Win32 = JSTP_Release|Win32
		JSTP_Release|x64 = JSTP_Release|x64
		KCBP_Debug|Any CPU = KCBP_Debug|Any CPU
		KCBP_Debug|Mixed Platforms = KCBP_Debug|Mixed Platforms
		KCBP_Debug|Win32 = KCBP_Debug|Win32
		KCBP_Debug|x64 = KCBP_Debug|x64
		KCBP_Release|Any CPU = KCBP_Release|Any CPU
		KCBP_Release|Mixed Platforms = KCBP_Release|Mixed Platforms
		KCBP_Release|Win32 = KCBP_Release|Win32
		KCBP_Release|x64 = KCBP_Release|x64
		oracle_debug|Any CPU = oracle_debug|Any CPU
		oracle_debug|Mixed Platforms = oracle_debug|Mixed Platforms
		oracle_debug|Win32 = oracle_debug|Win32
		oracle_debug|x64 = oracle_debug|x64
		oracle_release|Any CPU = oracle_release|Any CPU
		oracle_release|Mixed Platforms = oracle_release|Mixed Platforms
		oracle_release|Win32 = oracle_release|Win32
		oracle_release|x64 = oracle_release|x64
		Release|Any CPU = Release|Any CPU
		Release|Mixed Platforms = Release|Mixed Platforms
		Release|Win32 = Release|Win32
		Release|x64 = Release|x64
	EndGlobalSection
	GlobalSection(ProjectConfigurationPlatforms) = postSolution
		{92FE54BE-EEB1-42A5-9F48-4B7186E64E41}.Debug|Any CPU.ActiveCfg = Debug|Win32
		{92FE54BE-EEB1-42A5-9F48-4B7186E64E41}.Debug|Mixed Platforms.ActiveCfg = Debug|x64
		{92FE54BE-EEB1-42A5-9F48-4B7186E64E41}.Debug|Mixed Platforms.Build.0 = Debug|x64
		{92FE54BE-EEB1-42A5-9F48-4B7186E64E41}.Debug|Win32.ActiveCfg = Debug|Win32
		{92FE54BE-EEB1-42A5-9F48-4B7186E64E41}.Debug|Win32.Build.0 = Debug|Win32
		{92FE54BE-EEB1-42A5-9F48-4B7186E64E41}.Debug|x64.ActiveCfg = Debug|x64
		{92FE54BE-EEB1-42A5-9F48-4B7186E64E41}.Debug|x64.Build.0 = Debug|x64
		{92FE54BE-EEB1-42A5-9F48-4B7186E64E41}.JSTP_Debug|Any CPU.ActiveCfg = Debug|x64
		{92FE54BE-EEB1-42A5-9F48-4B7186E64E41}.JSTP_Debug|Mixed Platforms.ActiveCfg = Debug|x64
		{92FE54BE-EEB1-42A5-9F48-4B7186E64E41}.JSTP_Debug|Mixed Platforms.Build.0 = Debug|x64
		{92FE54BE-EEB1-42A5-9F48-4B7186E64E41}.JSTP_Debug|Win32.ActiveCfg = Debug|Win32
		{92FE54BE-EEB1-42A5-9F48-4B7186E64E41}.JSTP_Debug|Win32.Build.0 = Debug|Win32
		{92FE54BE-EEB1-42A5-9F48-4B7186E64E41}.JSTP_Debug|x64.ActiveCfg = Debug|x64
		{92FE54BE-EEB1-42A5-9F48-4B7186E64E41}.JSTP_Debug|x64.Build.0 = Debug|x64
		{92FE54BE-EEB1-42A5-9F48-4B7186E64E41}.JSTP_Release|Any CPU.ActiveCfg = Release|x64
		{92FE54BE-EEB1-42A5-9F48-4B7186E64E41}.JSTP_Release|Mixed Platforms.ActiveCfg = Release|x64
		{92FE54BE-EEB1-42A5-9F48-4B7186E64E41}.JSTP_Release|Mixed Platforms.Build.0 = Release|x64
		{92FE54BE-EEB1-42A5-9F48-4B7186E64E41}.JSTP_Release|Win32.ActiveCfg = Release|Win32
		{92FE54BE-EEB1-42A5-9F48-4B7186E64E41}.JSTP_Release|Win32.Build.0 = Release|Win32
		{92FE54BE-EEB1-42A5-9F48-4B7186E64E41}.JSTP_Release|x64.ActiveCfg = Release|x64
		{92FE54BE-EEB1-42A5-9F48-4B7186E64E41}.JSTP_Release|x64.Build.0 = Release|x64
		{92FE54BE-EEB1-42A5-9F48-4B7186E64E41}.KCBP_Debug|Any CPU.ActiveCfg = Debug|x64
		{92FE54BE-EEB1-42A5-9F48-4B7186E64E41}.KCBP_Debug|Mixed Platforms.ActiveCfg = Debug|x64
		{92FE54BE-EEB1-42A5-9F48-4B7186E64E41}.KCBP_Debug|Mixed Platforms.Build.0 = Debug|x64
		{92FE54BE-EEB1-42A5-9F48-4B7186E64E41}.KCBP_Debug|Win32.ActiveCfg = Debug|Win32
		{92FE54BE-EEB1-42A5-9F48-4B7186E64E41}.KCBP_Debug|Win32.Build.0 = Debug|Win32
		{92FE54BE-EEB1-42A5-9F48-4B7186E64E41}.KCBP_Debug|x64.ActiveCfg = Debug|x64
		{92FE54BE-EEB1-42A5-9F48-4B7186E64E41}.KCBP_Debug|x64.Build.0 = Debug|x64
		{92FE54BE-EEB1-42A5-9F48-4B7186E64E41}.KCBP_Release|Any CPU.ActiveCfg = Release|x64
		{92FE54BE-EEB1-42A5-9F48-4B7186E64E41}.KCBP_Release|Mixed Platforms.ActiveCfg = Release|x64
		{92FE54BE-EEB1-42A5-9F48-4B7186E64E41}.KCBP_Release|Mixed Platforms.Build.0 = Release|x64
		{92FE54BE-EEB1-42A5-9F48-4B7186E64E41}.KCBP_Release|Win32.ActiveCfg = Release|Win32
		{92FE54BE-EEB1-42A5-9F48-4B7186E64E41}.KCBP_Release|Win32.Build.0 = Release|Win32
		{92FE54BE-EEB1-42A5-9F48-4B7186E64E41}.KCBP_Release|x64.ActiveCfg = Release|x64
		{92FE54BE-EEB1-42A5-9F48-4B7186E64E41}.KCBP_Release|x64.Build.0 = Release|x64
		{92FE54BE-EEB1-42A5-9F48-4B7186E64E41}.oracle_debug|Any CPU.ActiveCfg = Release|x64
		{92FE54BE-EEB1-42A5-9F48-4B7186E64E41}.oracle_debug|Mixed Platforms.ActiveCfg = Release|x64
		{92FE54BE-EEB1-42A5-9F48-4B7186E64E41}.oracle_debug|Mixed Platforms.Build.0 = Release|x64
		{92FE54BE-EEB1-42A5-9F48-4B7186E64E41}.oracle_debug|Win32.ActiveCfg = Release|x64
		{92FE54BE-EEB1-42A5-9F48-4B7186E64E41}.oracle_debug|x64.ActiveCfg = Release|x64
		{92FE54BE-EEB1-42A5-9F48-4B7186E64E41}.oracle_debug|x64.Build.0 = Release|x64
		{92FE54BE-EEB1-42A5-9F48-4B7186E64E41}.oracle_release|Any CPU.ActiveCfg = Release|x64
		{92FE54BE-EEB1-42A5-9F48-4B7186E64E41}.oracle_release|Mixed Platforms.ActiveCfg = Release|x64
		{92FE54BE-EEB1-42A5-9F48-4B7186E64E41}.oracle_release|Mixed Platforms.Build.0 = Release|x64
		{92FE54BE-EEB1-42A5-9F48-4B7186E64E41}.oracle_release|Win32.ActiveCfg = Release|x64
		{92FE54BE-EEB1-42A5-9F48-4B7186E64E41}.oracle_release|x64.ActiveCfg = Release|x64
		{92FE54BE-EEB1-42A5-9F48-4B7186E64E41}.oracle_release|x64.Build.0 = Release|x64
		{92FE54BE-EEB1-42A5-9F48-4B7186E64E41}.Release|Any CPU.ActiveCfg = Release|Win32
		{92FE54BE-EEB1-42A5-9F48-4B7186E64E41}.Release|Mixed Platforms.ActiveCfg = Release|Win32
		{92FE54BE-EEB1-42A5-9F48-4B7186E64E41}.Release|Mixed Platforms.Build.0 = Release|Win32
		{92FE54BE-EEB1-42A5-9F48-4B7186E64E41}.Release|Win32.ActiveCfg = Release|Win32
		{92FE54BE-EEB1-42A5-9F48-4B7186E64E41}.Release|Win32.Build.0 = Release|Win32
		{92FE54BE-EEB1-42A5-9F48-4B7186E64E41}.Release|x64.ActiveCfg = Release|x64
		{92FE54BE-EEB1-42A5-9F48-4B7186E64E41}.Release|x64.Build.0 = Release|x64
		{041A8543-93F1-42AB-8236-86E1EB1CC69E}.Debug|Any CPU.ActiveCfg = Debug|Any CPU
		{041A8543-93F1-42AB-8236-86E1EB1CC69E}.Debug|Any CPU.Build.0 = Debug|Any CPU
		{041A8543-93F1-42AB-8236-86E1EB1CC69E}.Debug|Mixed Platforms.ActiveCfg = Debug|Any CPU
		{041A8543-93F1-42AB-8236-86E1EB1CC69E}.Debug|Mixed Platforms.Build.0 = Debug|Any CPU
		{041A8543-93F1-42AB-8236-86E1EB1CC69E}.Debug|Win32.ActiveCfg = Debug|Any CPU
		{041A8543-93F1-42AB-8236-86E1EB1CC69E}.Debug|x64.ActiveCfg = Debug|x64
		{041A8543-93F1-42AB-8236-86E1EB1CC69E}.JSTP_Debug|Any CPU.ActiveCfg = Debug|Any CPU
		{041A8543-93F1-42AB-8236-86E1EB1CC69E}.JSTP_Debug|Any CPU.Build.0 = Debug|Any CPU
		{041A8543-93F1-42AB-8236-86E1EB1CC69E}.JSTP_Debug|Mixed Platforms.ActiveCfg = Debug|x64
		{041A8543-93F1-42AB-8236-86E1EB1CC69E}.JSTP_Debug|Mixed Platforms.Build.0 = Debug|x64
		{041A8543-93F1-42AB-8236-86E1EB1CC69E}.JSTP_Debug|Win32.ActiveCfg = Debug|x64
		{041A8543-93F1-42AB-8236-86E1EB1CC69E}.JSTP_Debug|x64.ActiveCfg = Debug|x64
		{041A8543-93F1-42AB-8236-86E1EB1CC69E}.JSTP_Debug|x64.Build.0 = Debug|x64
		{041A8543-93F1-42AB-8236-86E1EB1CC69E}.JSTP_Release|Any CPU.ActiveCfg = Release|Any CPU
		{041A8543-93F1-42AB-8236-86E1EB1CC69E}.JSTP_Release|Any CPU.Build.0 = Release|Any CPU
		{041A8543-93F1-42AB-8236-86E1EB1CC69E}.JSTP_Release|Mixed Platforms.ActiveCfg = Release|x64
		{041A8543-93F1-42AB-8236-86E1EB1CC69E}.JSTP_Release|Mixed Platforms.Build.0 = Release|x64
		{041A8543-93F1-42AB-8236-86E1EB1CC69E}.JSTP_Release|Win32.ActiveCfg = Release|x64
		{041A8543-93F1-42AB-8236-86E1EB1CC69E}.JSTP_Release|x64.ActiveCfg = Release|x64
		{041A8543-93F1-42AB-8236-86E1EB1CC69E}.JSTP_Release|x64.Build.0 = Release|x64
		{041A8543-93F1-42AB-8236-86E1EB1CC69E}.KCBP_Debug|Any CPU.ActiveCfg = Debug|Any CPU
		{041A8543-93F1-42AB-8236-86E1EB1CC69E}.KCBP_Debug|Any CPU.Build.0 = Debug|Any CPU
		{041A8543-93F1-42AB-8236-86E1EB1CC69E}.KCBP_Debug|Mixed Platforms.ActiveCfg = Debug|x64
		{041A8543-93F1-42AB-8236-86E1EB1CC69E}.KCBP_Debug|Mixed Platforms.Build.0 = Debug|x64
		{041A8543-93F1-42AB-8236-86E1EB1CC69E}.KCBP_Debug|Win32.ActiveCfg = Debug|x64
		{041A8543-93F1-42AB-8236-86E1EB1CC69E}.KCBP_Debug|x64.ActiveCfg = Debug|x64
		{041A8543-93F1-42AB-8236-86E1EB1CC69E}.KCBP_Debug|x64.Build.0 = Debug|x64
		{041A8543-93F1-42AB-8236-86E1EB1CC69E}.KCBP_Release|Any CPU.ActiveCfg = Release|Any CPU
		{041A8543-93F1-42AB-8236-86E1EB1CC69E}.KCBP_Release|Any CPU.Build.0 = Release|Any CPU
		{041A8543-93F1-42AB-8236-86E1EB1CC69E}.KCBP_Release|Mixed Platforms.ActiveCfg = Release|x64
		{041A8543-93F1-42AB-8236-86E1EB1CC69E}.KCBP_Release|Mixed Platforms.Build.0 = Release|x64
		{041A8543-93F1-42AB-8236-86E1EB1CC69E}.KCBP_Release|Win32.ActiveCfg = Release|x64
		{041A8543-93F1-42AB-8236-86E1EB1CC69E}.KCBP_Release|x64.ActiveCfg = Release|x64
		{041A8543-93F1-42AB-8236-86E1EB1CC69E}.KCBP_Release|x64.Build.0 = Release|x64
		{041A8543-93F1-42AB-8236-86E1EB1CC69E}.oracle_debug|Any CPU.ActiveCfg = Release|x64
		{041A8543-93F1-42AB-8236-86E1EB1CC69E}.oracle_debug|Mixed Platforms.ActiveCfg = Release|x64
		{041A8543-93F1-42AB-8236-86E1EB1CC69E}.oracle_debug|Mixed Platforms.Build.0 = Release|x64
		{041A8543-93F1-42AB-8236-86E1EB1CC69E}.oracle_debug|Win32.ActiveCfg = Release|x64
		{041A8543-93F1-42AB-8236-86E1EB1CC69E}.oracle_debug|x64.ActiveCfg = Release|x64
		{041A8543-93F1-42AB-8236-86E1EB1CC69E}.oracle_debug|x64.Build.0 = Release|x64
		{041A8543-93F1-42AB-8236-86E1EB1CC69E}.oracle_release|Any CPU.ActiveCfg = Release|x64
		{041A8543-93F1-42AB-8236-86E1EB1CC69E}.oracle_release|Mixed Platforms.ActiveCfg = Release|x64
		{041A8543-93F1-42AB-8236-86E1EB1CC69E}.oracle_release|Mixed Platforms.Build.0 = Release|x64
		{041A8543-93F1-42AB-8236-86E1EB1CC69E}.oracle_release|Win32.ActiveCfg = Release|x64
		{041A8543-93F1-42AB-8236-86E1EB1CC69E}.oracle_release|x64.ActiveCfg = Release|x64
		{041A8543-93F1-42AB-8236-86E1EB1CC69E}.oracle_release|x64.Build.0 = Release|x64
		{041A8543-93F1-42AB-8236-86E1EB1CC69E}.Release|Any CPU.ActiveCfg = Release|Any CPU
		{041A8543-93F1-42AB-8236-86E1EB1CC69E}.Release|Any CPU.Build.0 = Release|Any CPU
		{041A8543-93F1-42AB-8236-86E1EB1CC69E}.Release|Mixed Platforms.ActiveCfg = Release|Any CPU
		{041A8543-93F1-42AB-8236-86E1EB1CC69E}.Release|Mixed Platforms.Build.0 = Release|Any CPU
		{041A8543-93F1-42AB-8236-86E1EB1CC69E}.Release|Win32.ActiveCfg = Release|Any CPU
		{041A8543-93F1-42AB-8236-86E1EB1CC69E}.Release|x64.ActiveCfg = Release|x64
		{A2D3680A-F7F0-4CC2-8615-7233468D71D3}.Debug|Any CPU.ActiveCfg = Debug|x64
		{A2D3680A-F7F0-4CC2-8615-7233468D71D3}.Debug|Mixed Platforms.ActiveCfg = Debug|x64
		{A2D3680A-F7F0-4CC2-8615-7233468D71D3}.Debug|Mixed Platforms.Build.0 = Debug|x64
		{A2D3680A-F7F0-4CC2-8615-7233468D71D3}.Debug|Win32.ActiveCfg = Debug|Win32
		{A2D3680A-F7F0-4CC2-8615-7233468D71D3}.Debug|Win32.Build.0 = Debug|Win32
		{A2D3680A-F7F0-4CC2-8615-7233468D71D3}.Debug|x64.ActiveCfg = Debug|x64
		{A2D3680A-F7F0-4CC2-8615-7233468D71D3}.Debug|x64.Build.0 = Debug|x64
		{A2D3680A-F7F0-4CC2-8615-7233468D71D3}.JSTP_Debug|Any CPU.ActiveCfg = JSTP_Debug|x64
		{A2D3680A-F7F0-4CC2-8615-7233468D71D3}.JSTP_Debug|Mixed Platforms.ActiveCfg = JSTP_Debug|x64
		{A2D3680A-F7F0-4CC2-8615-7233468D71D3}.JSTP_Debug|Mixed Platforms.Build.0 = JSTP_Debug|x64
		{A2D3680A-F7F0-4CC2-8615-7233468D71D3}.JSTP_Debug|Win32.ActiveCfg = JSTP_Debug|Win32
		{A2D3680A-F7F0-4CC2-8615-7233468D71D3}.JSTP_Debug|Win32.Build.0 = JSTP_Debug|Win32
		{A2D3680A-F7F0-4CC2-8615-7233468D71D3}.JSTP_Debug|x64.ActiveCfg = JSTP_Debug|x64
		{A2D3680A-F7F0-4CC2-8615-7233468D71D3}.JSTP_Debug|x64.Build.0 = JSTP_Debug|x64
		{A2D3680A-F7F0-4CC2-8615-7233468D71D3}.JSTP_Release|Any CPU.ActiveCfg = JSTP_Release|x64
		{A2D3680A-F7F0-4CC2-8615-7233468D71D3}.JSTP_Release|Mixed Platforms.ActiveCfg = JSTP_Release|x64
		{A2D3680A-F7F0-4CC2-8615-7233468D71D3}.JSTP_Release|Mixed Platforms.Build.0 = JSTP_Release|x64
		{A2D3680A-F7F0-4CC2-8615-7233468D71D3}.JSTP_Release|Win32.ActiveCfg = JSTP_Release|Win32
		{A2D3680A-F7F0-4CC2-8615-7233468D71D3}.JSTP_Release|Win32.Build.0 = JSTP_Release|Win32
		{A2D3680A-F7F0-4CC2-8615-7233468D71D3}.JSTP_Release|x64.ActiveCfg = JSTP_Release|x64
		{A2D3680A-F7F0-4CC2-8615-7233468D71D3}.JSTP_Release|x64.Build.0 = JSTP_Release|x64
		{A2D3680A-F7F0-4CC2-8615-7233468D71D3}.KCBP_Debug|Any CPU.ActiveCfg = KCBP_Debug|x64
		{A2D3680A-F7F0-4CC2-8615-7233468D71D3}.KCBP_Debug|Mixed Platforms.ActiveCfg = KCBP_Debug|x64
		{A2D3680A-F7F0-4CC2-8615-7233468D71D3}.KCBP_Debug|Mixed Platforms.Build.0 = KCBP_Debug|x64
		{A2D3680A-F7F0-4CC2-8615-7233468D71D3}.KCBP_Debug|Win32.ActiveCfg = KCBP_Debug|Win32
		{A2D3680A-F7F0-4CC2-8615-7233468D71D3}.KCBP_Debug|Win32.Build.0 = KCBP_Debug|Win32
		{A2D3680A-F7F0-4CC2-8615-7233468D71D3}.KCBP_Debug|x64.ActiveCfg = KCBP_Debug|x64
		{A2D3680A-F7F0-4CC2-8615-7233468D71D3}.KCBP_Debug|x64.Build.0 = KCBP_Debug|x64
		{A2D3680A-F7F0-4CC2-8615-7233468D71D3}.KCBP_Release|Any CPU.ActiveCfg = KCBP_Release|x64
		{A2D3680A-F7F0-4CC2-8615-7233468D71D3}.KCBP_Release|Mixed Platforms.ActiveCfg = KCBP_Release|x64
		{A2D3680A-F7F0-4CC2-8615-7233468D71D3}.KCBP_Release|Mixed Platforms.Build.0 = KCBP_Release|x64
		{A2D3680A-F7F0-4CC2-8615-7233468D71D3}.KCBP_Release|Win32.ActiveCfg = KCBP_Release|Win32
		{A2D3680A-F7F0-4CC2-8615-7233468D71D3}.KCBP_Release|Win32.Build.0 = KCBP_Release|Win32
		{A2D3680A-F7F0-4CC2-8615-7233468D71D3}.KCBP_Release|x64.ActiveCfg = KCBP_Release|x64
		{A2D3680A-F7F0-4CC2-8615-7233468D71D3}.KCBP_Release|x64.Build.0 = KCBP_Release|x64
		{A2D3680A-F7F0-4CC2-8615-7233468D71D3}.oracle_debug|Any CPU.ActiveCfg = JSTP_Release|x64
		{A2D3680A-F7F0-4CC2-8615-7233468D71D3}.oracle_debug|Mixed Platforms.ActiveCfg = JSTP_Release|x64
		{A2D3680A-F7F0-4CC2-8615-7233468D71D3}.oracle_debug|Mixed Platforms.Build.0 = JSTP_Release|x64
		{A2D3680A-F7F0-4CC2-8615-7233468D71D3}.oracle_debug|Win32.ActiveCfg = JSTP_Release|x64
		{A2D3680A-F7F0-4CC2-8615-7233468D71D3}.oracle_debug|x64.ActiveCfg = JSTP_Release|x64
		{A2D3680A-F7F0-4CC2-8615-7233468D71D3}.oracle_debug|x64.Build.0 = JSTP_Release|x64
		{A2D3680A-F7F0-4CC2-8615-7233468D71D3}.oracle_release|Any CPU.ActiveCfg = JSTP_Release|x64
		{A2D3680A-F7F0-4CC2-8615-7233468D71D3}.oracle_release|Mixed Platforms.ActiveCfg = JSTP_Release|x64
		{A2D3680A-F7F0-4CC2-8615-7233468D71D3}.oracle_release|Mixed Platforms.Build.0 = JSTP_Release|x64
		{A2D3680A-F7F0-4CC2-8615-7233468D71D3}.oracle_release|Win32.ActiveCfg = JSTP_Release|x64
		{A2D3680A-F7F0-4CC2-8615-7233468D71D3}.oracle_release|x64.ActiveCfg = JSTP_Release|x64
		{A2D3680A-F7F0-4CC2-8615-7233468D71D3}.oracle_release|x64.Build.0 = JSTP_Release|x64
		{A2D3680A-F7F0-4CC2-8615-7233468D71D3}.Release|Any CPU.ActiveCfg = Release|x64
		{A2D3680A-F7F0-4CC2-8615-7233468D71D3}.Release|Mixed Platforms.ActiveCfg = Release|x64
		{A2D3680A-F7F0-4CC2-8615-7233468D71D3}.Release|Mixed Platforms.Build.0 = Release|x64
		{A2D3680A-F7F0-4CC2-8615-7233468D71D3}.Release|Win32.ActiveCfg = Release|Win32
		{A2D3680A-F7F0-4CC2-8615-7233468D71D3}.Release|Win32.Build.0 = Release|Win32
		{A2D3680A-F7F0-4CC2-8615-7233468D71D3}.Release|x64.ActiveCfg = Release|x64
		{A2D3680A-F7F0-4CC2-8615-7233468D71D3}.Release|x64.Build.0 = Release|x64
	EndGlobalSection
	GlobalSection(SolutionProperties) = preSolution
		HideSolutionNode = FALSE
	EndGlobalSection
EndGlobal
