
Microsoft Visual Studio Solution File, Format Version 10.00
# Visual Studio 2008
Project("{8BC9CEB8-8B4A-11D0-8D11-00A0C91BC942}") = "map", "map\map.vcproj", "{76BF41CB-2EF5-426E-9825-FDBD7C712305}"
EndProject
Project("{8BC9CEB8-8B4A-11D0-8D11-00A0C91BC942}") = "practice", "login\login.vcproj", "{97DE7DBF-0F81-4C1B-A5E8-83D6266B9E0D}"
EndProject
Project("{8BC9CEB8-8B4A-11D0-8D11-00A0C91BC942}") = "practice2", "practice2\practice2.vcproj", "{A2A5A032-98E1-48CC-BD61-4DDFEBE828CB}"
EndProject
Project("{8BC9CEB8-8B4A-11D0-8D11-00A0C91BC942}") = "practice3", "practice3\practice3.vcproj", "{F3377E65-5353-4765-B1D2-78551E904820}"
EndProject
Project("{8BC9CEB8-8B4A-11D0-8D11-00A0C91BC942}") = "冒泡排序", "practice4\practice4.vcproj", "{1536A715-8C49-4C0F-B4CA-BE22A3034BD3}"
EndProject
Project("{8BC9CEB8-8B4A-11D0-8D11-00A0C91BC942}") = "practice5", "practice5\practice5.vcproj", "{2884FAD0-FB65-403A-9941-E1BAC2DAC308}"
EndProject
Project("{8BC9CEB8-8B4A-11D0-8D11-00A0C91BC942}") = "Stringstream", "Stringstream\Stringstream.vcproj", "{4F5FDAA0-0F09-4816-BA5E-2332F2041BB0}"
EndProject
Project("{8BC9CEB8-8B4A-11D0-8D11-00A0C91BC942}") = "Filestream", "Filestream\Filestream.vcproj", "{7CFC585F-3B35-4241-8615-032313993178}"
EndProject
Project("{8BC9CEB8-8B4A-11D0-8D11-00A0C91BC942}") = "数据库连接", "数据库连接\数据库连接.vcproj", "{10851E26-C309-4C02-81A6-E3FDFA27D36F}"
EndProject
Project("{8BC9CEB8-8B4A-11D0-8D11-00A0C91BC942}") = "多线程", "多线程\多线程.vcproj", "{117920E6-D8F9-43DB-A03C-3E8E5E327FC3}"
EndProject
Project("{8BC9CEB8-8B4A-11D0-8D11-00A0C91BC942}") = "QtDllTest", "QtDllTest\QtDllTest.vcproj", "{2C8034BE-7317-4DDA-ACD9-04E67AB15B47}"
EndProject
Project("{8BC9CEB8-8B4A-11D0-8D11-00A0C91BC942}") = "Essential  C++ 练习1", "Essential  C++ 练习1\Essential  C++ 练习1.vcproj", "{E62E2091-5DDA-4C02-A45B-C4BA53E7E030}"
EndProject
Project("{8BC9CEB8-8B4A-11D0-8D11-00A0C91BC942}") = "内存泄露检查", "内存泄露检查\内存泄露检查.vcproj", "{E91E4599-A7DD-41CC-A0B3-17E4BEC6BBA2}"
EndProject
Project("{8BC9CEB8-8B4A-11D0-8D11-00A0C91BC942}") = "单链表删除", "单链表删除\单链表删除.vcproj", "{D1C10F0B-555D-4C90-A653-1DC9B8B0072C}"
EndProject
Project("{8BC9CEB8-8B4A-11D0-8D11-00A0C91BC942}") = "二叉树的路径和", "二叉树的路径和\二叉树的路径和.vcproj", "{98FAAD01-A2E5-489D-87BD-55A7BABBE06E}"
EndProject
Project("{8BC9CEB8-8B4A-11D0-8D11-00A0C91BC942}") = "字符串置换", "字符串置换\字符串置换.vcproj", "{5D90BCF8-6E9A-4FDB-A10E-990C6F923D1C}"
EndProject
Project("{8BC9CEB8-8B4A-11D0-8D11-00A0C91BC942}") = "旋转词", "旋转词\旋转词.vcproj", "{1E7570A7-A4AE-42BA-8037-B556AADF198F}"
EndProject
Project("{8BC9CEB8-8B4A-11D0-8D11-00A0C91BC942}") = "Fizz Buzz 问题", "Fizz Buzz 问题\Fizz Buzz 问题.vcproj", "{71234A88-CD7E-4F8E-9288-4CC99D1FF38B}"
EndProject
Project("{8BC9CEB8-8B4A-11D0-8D11-00A0C91BC942}") = "单例模式", "单例模式\单例模式.vcproj", "{851551D9-A741-4894-8729-7885AFFA8284}"
EndProject
Project("{8BC9CEB8-8B4A-11D0-8D11-00A0C91BC942}") = "break", "break\break.vcproj", "{6B920D03-FF24-4B63-A4F8-148B11C9442A}"
EndProject
Project("{8BC9CEB8-8B4A-11D0-8D11-00A0C91BC942}") = "dialog", "dialog\dialog.vcproj", "{F2AAFCD2-AF32-4D31-A4ED-BB8F006D493F}"
EndProject
Global
	GlobalSection(SolutionConfigurationPlatforms) = preSolution
		Debug|Win32 = Debug|Win32
		Debug|x64 = Debug|x64
		Release|Win32 = Release|Win32
		Release|x64 = Release|x64
	EndGlobalSection
	GlobalSection(ProjectConfigurationPlatforms) = postSolution
		{76BF41CB-2EF5-426E-9825-FDBD7C712305}.Debug|Win32.ActiveCfg = Debug|Win32
		{76BF41CB-2EF5-426E-9825-FDBD7C712305}.Debug|Win32.Build.0 = Debug|Win32
		{76BF41CB-2EF5-426E-9825-FDBD7C712305}.Debug|x64.ActiveCfg = Debug|x64
		{76BF41CB-2EF5-426E-9825-FDBD7C712305}.Release|Win32.ActiveCfg = Release|Win32
		{76BF41CB-2EF5-426E-9825-FDBD7C712305}.Release|Win32.Build.0 = Release|Win32
		{76BF41CB-2EF5-426E-9825-FDBD7C712305}.Release|x64.ActiveCfg = Release|x64
		{76BF41CB-2EF5-426E-9825-FDBD7C712305}.Release|x64.Build.0 = Release|x64
		{97DE7DBF-0F81-4C1B-A5E8-83D6266B9E0D}.Debug|Win32.ActiveCfg = Debug|Win32
		{97DE7DBF-0F81-4C1B-A5E8-83D6266B9E0D}.Debug|Win32.Build.0 = Debug|Win32
		{97DE7DBF-0F81-4C1B-A5E8-83D6266B9E0D}.Debug|x64.ActiveCfg = Debug|Win32
		{97DE7DBF-0F81-4C1B-A5E8-83D6266B9E0D}.Release|Win32.ActiveCfg = Release|Win32
		{97DE7DBF-0F81-4C1B-A5E8-83D6266B9E0D}.Release|Win32.Build.0 = Release|Win32
		{97DE7DBF-0F81-4C1B-A5E8-83D6266B9E0D}.Release|x64.ActiveCfg = Release|Win32
		{A2A5A032-98E1-48CC-BD61-4DDFEBE828CB}.Debug|Win32.ActiveCfg = Debug|Win32
		{A2A5A032-98E1-48CC-BD61-4DDFEBE828CB}.Debug|Win32.Build.0 = Debug|Win32
		{A2A5A032-98E1-48CC-BD61-4DDFEBE828CB}.Debug|x64.ActiveCfg = Debug|Win32
		{A2A5A032-98E1-48CC-BD61-4DDFEBE828CB}.Release|Win32.ActiveCfg = Release|Win32
		{A2A5A032-98E1-48CC-BD61-4DDFEBE828CB}.Release|Win32.Build.0 = Release|Win32
		{A2A5A032-98E1-48CC-BD61-4DDFEBE828CB}.Release|x64.ActiveCfg = Release|Win32
		{F3377E65-5353-4765-B1D2-78551E904820}.Debug|Win32.ActiveCfg = Debug|Win32
		{F3377E65-5353-4765-B1D2-78551E904820}.Debug|Win32.Build.0 = Debug|Win32
		{F3377E65-5353-4765-B1D2-78551E904820}.Debug|x64.ActiveCfg = Debug|Win32
		{F3377E65-5353-4765-B1D2-78551E904820}.Release|Win32.ActiveCfg = Release|Win32
		{F3377E65-5353-4765-B1D2-78551E904820}.Release|Win32.Build.0 = Release|Win32
		{F3377E65-5353-4765-B1D2-78551E904820}.Release|x64.ActiveCfg = Release|Win32
		{1536A715-8C49-4C0F-B4CA-BE22A3034BD3}.Debug|Win32.ActiveCfg = Debug|Win32
		{1536A715-8C49-4C0F-B4CA-BE22A3034BD3}.Debug|Win32.Build.0 = Debug|Win32
		{1536A715-8C49-4C0F-B4CA-BE22A3034BD3}.Debug|x64.ActiveCfg = Debug|x64
		{1536A715-8C49-4C0F-B4CA-BE22A3034BD3}.Release|Win32.ActiveCfg = Release|Win32
		{1536A715-8C49-4C0F-B4CA-BE22A3034BD3}.Release|Win32.Build.0 = Release|Win32
		{1536A715-8C49-4C0F-B4CA-BE22A3034BD3}.Release|x64.ActiveCfg = Release|Win32
		{2884FAD0-FB65-403A-9941-E1BAC2DAC308}.Debug|Win32.ActiveCfg = Debug|Win32
		{2884FAD0-FB65-403A-9941-E1BAC2DAC308}.Debug|Win32.Build.0 = Debug|Win32
		{2884FAD0-FB65-403A-9941-E1BAC2DAC308}.Debug|x64.ActiveCfg = Debug|Win32
		{2884FAD0-FB65-403A-9941-E1BAC2DAC308}.Release|Win32.ActiveCfg = Release|Win32
		{2884FAD0-FB65-403A-9941-E1BAC2DAC308}.Release|Win32.Build.0 = Release|Win32
		{2884FAD0-FB65-403A-9941-E1BAC2DAC308}.Release|x64.ActiveCfg = Release|Win32
		{4F5FDAA0-0F09-4816-BA5E-2332F2041BB0}.Debug|Win32.ActiveCfg = Debug|Win32
		{4F5FDAA0-0F09-4816-BA5E-2332F2041BB0}.Debug|Win32.Build.0 = Debug|Win32
		{4F5FDAA0-0F09-4816-BA5E-2332F2041BB0}.Debug|x64.ActiveCfg = Debug|x64
		{4F5FDAA0-0F09-4816-BA5E-2332F2041BB0}.Release|Win32.ActiveCfg = Release|Win32
		{4F5FDAA0-0F09-4816-BA5E-2332F2041BB0}.Release|Win32.Build.0 = Release|Win32
		{4F5FDAA0-0F09-4816-BA5E-2332F2041BB0}.Release|x64.ActiveCfg = Release|Win32
		{7CFC585F-3B35-4241-8615-032313993178}.Debug|Win32.ActiveCfg = Debug|Win32
		{7CFC585F-3B35-4241-8615-032313993178}.Debug|Win32.Build.0 = Debug|Win32
		{7CFC585F-3B35-4241-8615-032313993178}.Debug|x64.ActiveCfg = Debug|Win32
		{7CFC585F-3B35-4241-8615-032313993178}.Release|Win32.ActiveCfg = Release|Win32
		{7CFC585F-3B35-4241-8615-032313993178}.Release|Win32.Build.0 = Release|Win32
		{7CFC585F-3B35-4241-8615-032313993178}.Release|x64.ActiveCfg = Release|Win32
		{10851E26-C309-4C02-81A6-E3FDFA27D36F}.Debug|Win32.ActiveCfg = Debug|x64
		{10851E26-C309-4C02-81A6-E3FDFA27D36F}.Debug|Win32.Build.0 = Debug|x64
		{10851E26-C309-4C02-81A6-E3FDFA27D36F}.Debug|x64.ActiveCfg = Debug|x64
		{10851E26-C309-4C02-81A6-E3FDFA27D36F}.Debug|x64.Build.0 = Debug|x64
		{10851E26-C309-4C02-81A6-E3FDFA27D36F}.Release|Win32.ActiveCfg = Release|Win32
		{10851E26-C309-4C02-81A6-E3FDFA27D36F}.Release|Win32.Build.0 = Release|Win32
		{10851E26-C309-4C02-81A6-E3FDFA27D36F}.Release|x64.ActiveCfg = Release|Win32
		{117920E6-D8F9-43DB-A03C-3E8E5E327FC3}.Debug|Win32.ActiveCfg = Debug|Win32
		{117920E6-D8F9-43DB-A03C-3E8E5E327FC3}.Debug|Win32.Build.0 = Debug|Win32
		{117920E6-D8F9-43DB-A03C-3E8E5E327FC3}.Debug|x64.ActiveCfg = Debug|x64
		{117920E6-D8F9-43DB-A03C-3E8E5E327FC3}.Release|Win32.ActiveCfg = Release|Win32
		{117920E6-D8F9-43DB-A03C-3E8E5E327FC3}.Release|Win32.Build.0 = Release|Win32
		{117920E6-D8F9-43DB-A03C-3E8E5E327FC3}.Release|x64.ActiveCfg = Release|Win32
		{2C8034BE-7317-4DDA-ACD9-04E67AB15B47}.Debug|Win32.ActiveCfg = Debug|Win32
		{2C8034BE-7317-4DDA-ACD9-04E67AB15B47}.Debug|Win32.Build.0 = Debug|Win32
		{2C8034BE-7317-4DDA-ACD9-04E67AB15B47}.Debug|x64.ActiveCfg = Debug|x64
		{2C8034BE-7317-4DDA-ACD9-04E67AB15B47}.Release|Win32.ActiveCfg = Release|Win32
		{2C8034BE-7317-4DDA-ACD9-04E67AB15B47}.Release|Win32.Build.0 = Release|Win32
		{2C8034BE-7317-4DDA-ACD9-04E67AB15B47}.Release|x64.ActiveCfg = Release|Win32
		{E62E2091-5DDA-4C02-A45B-C4BA53E7E030}.Debug|Win32.ActiveCfg = Debug|Win32
		{E62E2091-5DDA-4C02-A45B-C4BA53E7E030}.Debug|Win32.Build.0 = Debug|Win32
		{E62E2091-5DDA-4C02-A45B-C4BA53E7E030}.Debug|x64.ActiveCfg = Debug|x64
		{E62E2091-5DDA-4C02-A45B-C4BA53E7E030}.Release|Win32.ActiveCfg = Release|Win32
		{E62E2091-5DDA-4C02-A45B-C4BA53E7E030}.Release|Win32.Build.0 = Release|Win32
		{E62E2091-5DDA-4C02-A45B-C4BA53E7E030}.Release|x64.ActiveCfg = Release|Win32
		{E91E4599-A7DD-41CC-A0B3-17E4BEC6BBA2}.Debug|Win32.ActiveCfg = Debug|Win32
		{E91E4599-A7DD-41CC-A0B3-17E4BEC6BBA2}.Debug|Win32.Build.0 = Debug|Win32
		{E91E4599-A7DD-41CC-A0B3-17E4BEC6BBA2}.Debug|x64.ActiveCfg = Debug|Win32
		{E91E4599-A7DD-41CC-A0B3-17E4BEC6BBA2}.Release|Win32.ActiveCfg = Release|Win32
		{E91E4599-A7DD-41CC-A0B3-17E4BEC6BBA2}.Release|Win32.Build.0 = Release|Win32
		{E91E4599-A7DD-41CC-A0B3-17E4BEC6BBA2}.Release|x64.ActiveCfg = Release|Win32
		{D1C10F0B-555D-4C90-A653-1DC9B8B0072C}.Debug|Win32.ActiveCfg = Debug|Win32
		{D1C10F0B-555D-4C90-A653-1DC9B8B0072C}.Debug|Win32.Build.0 = Debug|Win32
		{D1C10F0B-555D-4C90-A653-1DC9B8B0072C}.Debug|x64.ActiveCfg = Debug|x64
		{D1C10F0B-555D-4C90-A653-1DC9B8B0072C}.Release|Win32.ActiveCfg = Release|Win32
		{D1C10F0B-555D-4C90-A653-1DC9B8B0072C}.Release|Win32.Build.0 = Release|Win32
		{D1C10F0B-555D-4C90-A653-1DC9B8B0072C}.Release|x64.ActiveCfg = Release|Win32
		{98FAAD01-A2E5-489D-87BD-55A7BABBE06E}.Debug|Win32.ActiveCfg = Debug|Win32
		{98FAAD01-A2E5-489D-87BD-55A7BABBE06E}.Debug|Win32.Build.0 = Debug|Win32
		{98FAAD01-A2E5-489D-87BD-55A7BABBE06E}.Debug|x64.ActiveCfg = Debug|x64
		{98FAAD01-A2E5-489D-87BD-55A7BABBE06E}.Release|Win32.ActiveCfg = Release|Win32
		{98FAAD01-A2E5-489D-87BD-55A7BABBE06E}.Release|Win32.Build.0 = Release|Win32
		{98FAAD01-A2E5-489D-87BD-55A7BABBE06E}.Release|x64.ActiveCfg = Release|Win32
		{5D90BCF8-6E9A-4FDB-A10E-990C6F923D1C}.Debug|Win32.ActiveCfg = Debug|Win32
		{5D90BCF8-6E9A-4FDB-A10E-990C6F923D1C}.Debug|Win32.Build.0 = Debug|Win32
		{5D90BCF8-6E9A-4FDB-A10E-990C6F923D1C}.Debug|x64.ActiveCfg = Debug|x64
		{5D90BCF8-6E9A-4FDB-A10E-990C6F923D1C}.Release|Win32.ActiveCfg = Release|Win32
		{5D90BCF8-6E9A-4FDB-A10E-990C6F923D1C}.Release|Win32.Build.0 = Release|Win32
		{5D90BCF8-6E9A-4FDB-A10E-990C6F923D1C}.Release|x64.ActiveCfg = Release|Win32
		{1E7570A7-A4AE-42BA-8037-B556AADF198F}.Debug|Win32.ActiveCfg = Debug|Win32
		{1E7570A7-A4AE-42BA-8037-B556AADF198F}.Debug|Win32.Build.0 = Debug|Win32
		{1E7570A7-A4AE-42BA-8037-B556AADF198F}.Debug|x64.ActiveCfg = Debug|Win32
		{1E7570A7-A4AE-42BA-8037-B556AADF198F}.Release|Win32.ActiveCfg = Release|Win32
		{1E7570A7-A4AE-42BA-8037-B556AADF198F}.Release|Win32.Build.0 = Release|Win32
		{1E7570A7-A4AE-42BA-8037-B556AADF198F}.Release|x64.ActiveCfg = Release|Win32
		{71234A88-CD7E-4F8E-9288-4CC99D1FF38B}.Debug|Win32.ActiveCfg = Debug|Win32
		{71234A88-CD7E-4F8E-9288-4CC99D1FF38B}.Debug|Win32.Build.0 = Debug|Win32
		{71234A88-CD7E-4F8E-9288-4CC99D1FF38B}.Debug|x64.ActiveCfg = Debug|Win32
		{71234A88-CD7E-4F8E-9288-4CC99D1FF38B}.Release|Win32.ActiveCfg = Release|Win32
		{71234A88-CD7E-4F8E-9288-4CC99D1FF38B}.Release|Win32.Build.0 = Release|Win32
		{71234A88-CD7E-4F8E-9288-4CC99D1FF38B}.Release|x64.ActiveCfg = Release|Win32
		{851551D9-A741-4894-8729-7885AFFA8284}.Debug|Win32.ActiveCfg = Debug|Win32
		{851551D9-A741-4894-8729-7885AFFA8284}.Debug|Win32.Build.0 = Debug|Win32
		{851551D9-A741-4894-8729-7885AFFA8284}.Debug|x64.ActiveCfg = Debug|x64
		{851551D9-A741-4894-8729-7885AFFA8284}.Debug|x64.Build.0 = Debug|x64
		{851551D9-A741-4894-8729-7885AFFA8284}.Release|Win32.ActiveCfg = Release|Win32
		{851551D9-A741-4894-8729-7885AFFA8284}.Release|Win32.Build.0 = Release|Win32
		{851551D9-A741-4894-8729-7885AFFA8284}.Release|x64.ActiveCfg = Release|x64
		{851551D9-A741-4894-8729-7885AFFA8284}.Release|x64.Build.0 = Release|x64
		{6B920D03-FF24-4B63-A4F8-148B11C9442A}.Debug|Win32.ActiveCfg = Debug|Win32
		{6B920D03-FF24-4B63-A4F8-148B11C9442A}.Debug|Win32.Build.0 = Debug|Win32
		{6B920D03-FF24-4B63-A4F8-148B11C9442A}.Debug|x64.ActiveCfg = Debug|Win32
		{6B920D03-FF24-4B63-A4F8-148B11C9442A}.Release|Win32.ActiveCfg = Release|Win32
		{6B920D03-FF24-4B63-A4F8-148B11C9442A}.Release|Win32.Build.0 = Release|Win32
		{6B920D03-FF24-4B63-A4F8-148B11C9442A}.Release|x64.ActiveCfg = Release|Win32
		{F2AAFCD2-AF32-4D31-A4ED-BB8F006D493F}.Debug|Win32.ActiveCfg = Debug|Win32
		{F2AAFCD2-AF32-4D31-A4ED-BB8F006D493F}.Debug|Win32.Build.0 = Debug|Win32
		{F2AAFCD2-AF32-4D31-A4ED-BB8F006D493F}.Debug|x64.ActiveCfg = Debug|Win32
		{F2AAFCD2-AF32-4D31-A4ED-BB8F006D493F}.Release|Win32.ActiveCfg = Release|Win32
		{F2AAFCD2-AF32-4D31-A4ED-BB8F006D493F}.Release|Win32.Build.0 = Release|Win32
		{F2AAFCD2-AF32-4D31-A4ED-BB8F006D493F}.Release|x64.ActiveCfg = Release|Win32
	EndGlobalSection
	GlobalSection(SolutionProperties) = preSolution
		HideSolutionNode = FALSE
	EndGlobalSection
EndGlobal
